
Microsoft Visual Studio Solution File, Format Version 12.00
# Visual Studio Version 17
VisualStudioVersion = 17.9.34728.123
MinimumVisualStudioVersion = 10.0.40219.1
Project("{FAE04EC0-301F-11D3-BF4B-00C04F79EFBC}") = "WebSiteDesign", "WebSiteDesign\WebSiteDesign.csproj", "{77E6E42B-FA30-4FFD-ACF9-27A25B96595B}"
EndProject
Project("{9A19103F-16F7-4668-BE54-9A1E7A4F7556}") = "AuthorizationServer", "AuthorizationServer\AuthorizationServer.csproj", "{4CFC5C03-A3BF-4EE4-9DC2-1FB8ECEC194B}"
EndProject
Project("{FAE04EC0-301F-11D3-BF4B-00C04F79EFBC}") = "ProjectWebApi", "ProjectWebApi\ProjectWebApi.csproj", "{F7EFDA42-CDA6-4131-AC0A-5E825211149B}"
EndProject
Project("{FAE04EC0-301F-11D3-BF4B-00C04F79EFBC}") = "ProjectWebApiCore", "ProjectWebApiCore\ProjectWebApiCore.csproj", "{74596C79-8FF5-47FA-8676-B92BB7B9499B}"
EndProject
Global
	GlobalSection(SolutionConfigurationPlatforms) = preSolution
		Debug|Any CPU = Debug|Any CPU
		Release|Any CPU = Release|Any CPU
	EndGlobalSection
	GlobalSection(ProjectConfigurationPlatforms) = postSolution
		{77E6E42B-FA30-4FFD-ACF9-27A25B96595B}.Debug|Any CPU.ActiveCfg = Debug|Any CPU
		{77E6E42B-FA30-4FFD-ACF9-27A25B96595B}.Debug|Any CPU.Build.0 = Debug|Any CPU
		{77E6E42B-FA30-4FFD-ACF9-27A25B96595B}.Release|Any CPU.ActiveCfg = Release|Any CPU
		{77E6E42B-FA30-4FFD-ACF9-27A25B96595B}.Release|Any CPU.Build.0 = Release|Any CPU
		{4CFC5C03-A3BF-4EE4-9DC2-1FB8ECEC194B}.Debug|Any CPU.ActiveCfg = Debug|Any CPU
		{4CFC5C03-A3BF-4EE4-9DC2-1FB8ECEC194B}.Debug|Any CPU.Build.0 = Debug|Any CPU
		{4CFC5C03-A3BF-4EE4-9DC2-1FB8ECEC194B}.Release|Any CPU.ActiveCfg = Release|Any CPU
		{4CFC5C03-A3BF-4EE4-9DC2-1FB8ECEC194B}.Release|Any CPU.Build.0 = Release|Any CPU
		{F7EFDA42-CDA6-4131-AC0A-5E825211149B}.Debug|Any CPU.ActiveCfg = Debug|Any CPU
		{F7EFDA42-CDA6-4131-AC0A-5E825211149B}.Debug|Any CPU.Build.0 = Debug|Any CPU
		{F7EFDA42-CDA6-4131-AC0A-5E825211149B}.Release|Any CPU.ActiveCfg = Release|Any CPU
		{F7EFDA42-CDA6-4131-AC0A-5E825211149B}.Release|Any CPU.Build.0 = Release|Any CPU
		{74596C79-8FF5-47FA-8676-B92BB7B9499B}.Debug|Any CPU.ActiveCfg = Debug|Any CPU
		{74596C79-8FF5-47FA-8676-B92BB7B9499B}.Debug|Any CPU.Build.0 = Debug|Any CPU
		{74596C79-8FF5-47FA-8676-B92BB7B9499B}.Release|Any CPU.ActiveCfg = Release|Any CPU
		{74596C79-8FF5-47FA-8676-B92BB7B9499B}.Release|Any CPU.Build.0 = Release|Any CPU
	EndGlobalSection
	GlobalSection(SolutionProperties) = preSolution
		HideSolutionNode = FALSE
	EndGlobalSection
	GlobalSection(ExtensibilityGlobals) = postSolution
		SolutionGuid = {42269276-E2E5-48B7-A395-6031104BCD1D}
	EndGlobalSection
EndGlobal
